
Microsoft Visual Studio Solution File, Format Version 11.00
# Visual Studio 2010
Project("{FAE04EC0-301F-11D3-BF4B-00C04F79EFBC}") = "Assembly-CSharp", "Assembly-CSharp.csproj", "{768F1F01-5CD4-F2FB-EB0B-441422516C3B}"
EndProject
Project("{FAE04EC0-301F-11D3-BF4B-00C04F79EFBC}") = "EditorMigrationScripts", "EditorMigrationScripts.csproj", "{57CE10A7-5354-4866-89F5-C16A8463D84C}"
EndProject
Global
	GlobalSection(SolutionConfigurationPlatforms) = preSolution
		Debug|Any CPU = Debug|Any CPU
		Release|Any CPU = Release|Any CPU
	EndGlobalSection
	GlobalSection(ProjectConfigurationPlatforms) = postSolution
		{768F1F01-5CD4-F2FB-EB0B-441422516C3B}.Debug|Any CPU.ActiveCfg = Debug|Any CPU
		{768F1F01-5CD4-F2FB-EB0B-441422516C3B}.Debug|Any CPU.Build.0 = Debug|Any CPU
		{768F1F01-5CD4-F2FB-EB0B-441422516C3B}.Release|Any CPU.ActiveCfg = Release|Any CPU
		{768F1F01-5CD4-F2FB-EB0B-441422516C3B}.Release|Any CPU.Build.0 = Release|Any CPU
		{57CE10A7-5354-4866-89F5-C16A8463D84C}.Debug|Any CPU.ActiveCfg = Debug|Any CPU
		{57CE10A7-5354-4866-89F5-C16A8463D84C}.Debug|Any CPU.Build.0 = Debug|Any CPU
		{57CE10A7-5354-4866-89F5-C16A8463D84C}.Release|Any CPU.ActiveCfg = Release|Any CPU
		{57CE10A7-5354-4866-89F5-C16A8463D84C}.Release|Any CPU.Build.0 = Release|Any CPU
	EndGlobalSection
	GlobalSection(SolutionProperties) = preSolution
		HideSolutionNode = FALSE
	EndGlobalSection
EndGlobal
